
Microsoft Visual Studio Solution File, Format Version 12.00
# Visual Studio Version 17
VisualStudioVersion = 17.4.33205.214
MinimumVisualStudioVersion = 10.0.40219.1
Project("{9A19103F-16F7-4668-BE54-9A1E7A4F7556}") = "VV.Fractions.CommonMath", "FractionsCommonMath\VV.Fractions.CommonMath.csproj", "{65AA323C-1E79-436B-BC36-DC0A652F397D}"
EndProject
Project("{9A19103F-16F7-4668-BE54-9A1E7A4F7556}") = "VV.Fractions.CommonMath.Tests", "FractionsCommonMath.Tests\VV.Fractions.CommonMath.Tests.csproj", "{9A566B5D-E2A0-4658-8989-B032732D4180}"
EndProject
Global
	GlobalSection(SolutionConfigurationPlatforms) = preSolution
		Debug|Any CPU = Debug|Any CPU
		Release|Any CPU = Release|Any CPU
	EndGlobalSection
	GlobalSection(ProjectConfigurationPlatforms) = postSolution
		{65AA323C-1E79-436B-BC36-DC0A652F397D}.Debug|Any CPU.ActiveCfg = Debug|Any CPU
		{65AA323C-1E79-436B-BC36-DC0A652F397D}.Debug|Any CPU.Build.0 = Debug|Any CPU
		{65AA323C-1E79-436B-BC36-DC0A652F397D}.Release|Any CPU.ActiveCfg = Release|Any CPU
		{65AA323C-1E79-436B-BC36-DC0A652F397D}.Release|Any CPU.Build.0 = Release|Any CPU
		{9A566B5D-E2A0-4658-8989-B032732D4180}.Debug|Any CPU.ActiveCfg = Debug|Any CPU
		{9A566B5D-E2A0-4658-8989-B032732D4180}.Debug|Any CPU.Build.0 = Debug|Any CPU
		{9A566B5D-E2A0-4658-8989-B032732D4180}.Release|Any CPU.ActiveCfg = Release|Any CPU
		{9A566B5D-E2A0-4658-8989-B032732D4180}.Release|Any CPU.Build.0 = Release|Any CPU
	EndGlobalSection
	GlobalSection(SolutionProperties) = preSolution
		HideSolutionNode = FALSE
	EndGlobalSection
	GlobalSection(ExtensibilityGlobals) = postSolution
		SolutionGuid = {66EE61A7-4C0F-4EF0-9D3B-9DA3A51417F8}
	EndGlobalSection
EndGlobal
